
Microsoft Visual Studio Solution File, Format Version 12.00
# Visual Studio Version 17
VisualStudioVersion = 17.0.31912.275
MinimumVisualStudioVersion = 10.0.40219.1
Project("{FAE04EC0-301F-11D3-BF4B-00C04F79EFBC}") = "RenewingPassport.API", "RenewingPassport.API\RenewingPassport.API.csproj", "{DB895A49-DABD-483B-9874-DD57AB9DCEF4}"
EndProject
Project("{FAE04EC0-301F-11D3-BF4B-00C04F79EFBC}") = "RenewingPassport.Infra", "RenewingPassport.Infra\RenewingPassport.Infra.csproj", "{2DB29B8F-6C97-4178-ACDE-2B52330ACFBA}"
EndProject
Project("{FAE04EC0-301F-11D3-BF4B-00C04F79EFBC}") = "RenewingPassport.Core", "RenewingPassport.Core\RenewingPassport.Core.csproj", "{9521C4F0-C2A9-4B45-A39B-610ECE46E2E0}"
EndProject
Global
	GlobalSection(SolutionConfigurationPlatforms) = preSolution
		Debug|Any CPU = Debug|Any CPU
		Release|Any CPU = Release|Any CPU
	EndGlobalSection
	GlobalSection(ProjectConfigurationPlatforms) = postSolution
		{DB895A49-DABD-483B-9874-DD57AB9DCEF4}.Debug|Any CPU.ActiveCfg = Debug|Any CPU
		{DB895A49-DABD-483B-9874-DD57AB9DCEF4}.Debug|Any CPU.Build.0 = Debug|Any CPU
		{DB895A49-DABD-483B-9874-DD57AB9DCEF4}.Release|Any CPU.ActiveCfg = Release|Any CPU
		{DB895A49-DABD-483B-9874-DD57AB9DCEF4}.Release|Any CPU.Build.0 = Release|Any CPU
		{2DB29B8F-6C97-4178-ACDE-2B52330ACFBA}.Debug|Any CPU.ActiveCfg = Debug|Any CPU
		{2DB29B8F-6C97-4178-ACDE-2B52330ACFBA}.Debug|Any CPU.Build.0 = Debug|Any CPU
		{2DB29B8F-6C97-4178-ACDE-2B52330ACFBA}.Release|Any CPU.ActiveCfg = Release|Any CPU
		{2DB29B8F-6C97-4178-ACDE-2B52330ACFBA}.Release|Any CPU.Build.0 = Release|Any CPU
		{9521C4F0-C2A9-4B45-A39B-610ECE46E2E0}.Debug|Any CPU.ActiveCfg = Debug|Any CPU
		{9521C4F0-C2A9-4B45-A39B-610ECE46E2E0}.Debug|Any CPU.Build.0 = Debug|Any CPU
		{9521C4F0-C2A9-4B45-A39B-610ECE46E2E0}.Release|Any CPU.ActiveCfg = Release|Any CPU
		{9521C4F0-C2A9-4B45-A39B-610ECE46E2E0}.Release|Any CPU.Build.0 = Release|Any CPU
	EndGlobalSection
	GlobalSection(SolutionProperties) = preSolution
		HideSolutionNode = FALSE
	EndGlobalSection
	GlobalSection(ExtensibilityGlobals) = postSolution
		SolutionGuid = {561CE86B-0523-4DA7-BA4C-A0C23B1C2651}
	EndGlobalSection
EndGlobal
